// !$*UTF8*$!
{
	archiveVersion = 1;
	classes = {
	};
	objectVersion = 46;
	objects = {

/* Begin PBXBuildFile section */
		19D969A91E539FAF00B97433 /* AppDelegate.swift in Sources */ = {isa = PBXBuildFile; fileRef = 19D969A81E539FAF00B97433 /* AppDelegate.swift */; };
		19D969AB1E539FAF00B97433 /* ViewController.swift in Sources */ = {isa = PBXBuildFile; fileRef = 19D969AA1E539FAF00B97433 /* ViewController.swift */; };
		19D969AE1E539FAF00B97433 /* Main.storyboard in Resources */ = {isa = PBXBuildFile; fileRef = 19D969AC1E539FAF00B97433 /* Main.storyboard */; };
		19D969B11E539FAF00B97433 /* DreamLister.xcdatamodeld in Sources */ = {isa = PBXBuildFile; fileRef = 19D969AF1E539FAF00B97433 /* DreamLister.xcdatamodeld */; };
		19D969B31E539FAF00B97433 /* Assets.xcassets in Resources */ = {isa = PBXBuildFile; fileRef = 19D969B21E539FAF00B97433 /* Assets.xcassets */; };
		19D969B61E539FAF00B97433 /* LaunchScreen.storyboard in Resources */ = {isa = PBXBuildFile; fileRef = 19D969B41E539FAF00B97433 /* LaunchScreen.storyboard */; };
/* End PBXBuildFile section */

/* Begin PBXFileReference section */
		19D969A51E539FAF00B97433 /* DreamLister.app */ = {isa = PBXFileReference; explicitFileType = wrapper.application; includeInIndex = 0; path = DreamLister.app; sourceTree = BUILT_PRODUCTS_DIR; };
		19D969A81E539FAF00B97433 /* AppDelegate.swift */ = {isa = PBXFileReference; lastKnownFileType = sourcecode.swift; path = AppDelegate.swift; sourceTree = "<group>"; };
		19D969AA1E539FAF00B97433 /* ViewController.swift */ = {isa = PBXFileReference; lastKnownFileType = sourcecode.swift; path = ViewController.swift; sourceTree = "<group>"; };
		19D969AD1E539FAF00B97433 /* Base */ = {isa = PBXFileReference; lastKnownFileType = file.storyboard; name = Base; path = Base.lproj/Main.storyboard; sourceTree = "<group>"; };
		19D969B01E539FAF00B97433 /* DreamLister.xcdatamodel */ = {isa = PBXFileReference; lastKnownFileType = wrapper.xcdatamodel; path = DreamLister.xcdatamodel; sourceTree = "<group>"; };
		19D969B21E539FAF00B97433 /* Assets.xcassets */ = {isa = PBXFileReference; lastKnownFileType = folder.assetcatalog; path = Assets.xcassets; sourceTree = "<group>"; };
		19D969B51E539FAF00B97433 /* Base */ = {isa = PBXFileReference; lastKnownFileType = file.storyboard; name = Base; path = Base.lproj/LaunchScreen.storyboard; sourceTree = "<group>"; };
		19D969B71E539FAF00B97433 /* Info.plist */ = {isa = PBXFileReference; lastKnownFileType = text.plist.xml; path = Info.plist; sourceTree = "<group>"; };
/* End PBXFileReference section */

/* Begin PBXFrameworksBuildPhase section */
		19D969A21E539FAF00B97433 /* Frameworks */ = {
			isa = PBXFrameworksBuildPhase;
			buildActionMask = 2147483647;
			files = (
			);
			runOnlyForDeploymentPostprocessing = 0;
		};
/* End PBXFrameworksBuildPhase section */

/* Begin PBXGroup section */
		19D9699C1E539FAF00B97433 = {
			isa = PBXGroup;
			children = (
				19D969A71E539FAF00B97433 /* DreamLister */,
				19D969A61E539FAF00B97433 /* Products */,
			);
			sourceTree = "<group>";
		};
		19D969A61E539FAF00B97433 /* Products */ = {
			isa = PBXGroup;
			children = (
				19D969A51E539FAF00B97433 /* DreamLister.app */,
			);
			name = Products;
			sourceTree = "<group>";
		};
		19D969A71E539FAF00B97433 /* DreamLister */ = {
			isa = PBXGroup;
			children = (
				19D969A81E539FAF00B97433 /* AppDelegate.swift */,
				19D969AA1E539FAF00B97433 /* ViewController.swift */,
				19D969AC1E539FAF00B97433 /* Main.storyboard */,
				19D969B21E539FAF00B97433 /* Assets.xcassets */,
				19D969B41E539FAF00B97433 /* LaunchScreen.storyboard */,
				19D969B71E539FAF00B97433 /* Info.plist */,
				19D969AF1E539FAF00B97433 /* DreamLister.xcdatamodeld */,
			);
			path = DreamLister;
			sourceTree = "<group>";
		};
/* End PBXGroup section */

/* Begin PBXNativeTarget section */
		19D969A41E539FAF00B97433 /* DreamLister */ = {
			isa = PBXNativeTarget;
			buildConfigurationList = 19D969BA1E539FAF00B97433 /* Build configuration list for PBXNativeTarget "DreamLister" */;
			buildPhases = (
				19D969A11E539FAF00B97433 /* Sources */,
				19D969A21E539FAF00B97433 /* Frameworks */,
				19D969A31E539FAF00B97433 /* Resources */,
			);
			buildRules = (
			);
			dependencies = (
			);
			name = DreamLister;
			productName = DreamLister;
			productReference = 19D969A51E539FAF00B97433 /* DreamLister.app */;
			productType = "com.apple.product-type.application";
		};
/* End PBXNativeTarget section */

/* Begin PBXProject section */
		19D9699D1E539FAF00B97433 /* Project object */ = {
			isa = PBXProject;
			attributes = {
				LastSwiftUpdateCheck = 0820;
				LastUpgradeCheck = 0820;
				ORGANIZATIONNAME = "Martin Nordström";
				TargetAttributes = {
					19D969A41E539FAF00B97433 = {
						CreatedOnToolsVersion = 8.2.1;
						DevelopmentTeam = XVNZAPSZS5;
						ProvisioningStyle = Automatic;
					};
				};
			};
			buildConfigurationList = 19D969A01E539FAF00B97433 /* Build configuration list for PBXProject "DreamLister" */;
			compatibilityVersion = "Xcode 3.2";
			developmentRegion = English;
			hasScannedForEncodings = 0;
			knownRegions = (
				en,
				Base,
			);
			mainGroup = 19D9699C1E539FAF00B97433;
			productRefGroup = 19D969A61E539FAF00B97433 /* Products */;
			projectDirPath = "";
			projectRoot = "";
			targets = (
				19D969A41E539FAF00B97433 /* DreamLister */,
			);
		};
/* End PBXProject section */

/* Begin PBXResourcesBuildPhase section */
		19D969A31E539FAF00B97433 /* Resources */ = {
			isa = PBXResourcesBuildPhase;
			buildActionMask = 2147483647;
			files = (
				19D969B61E539FAF00B97433 /* LaunchScreen.storyboard in Resources */,
				19D969B31E539FAF00B97433 /* Assets.xcassets in Resources */,
				19D969AE1E539FAF00B97433 /* Main.storyboard in Resources */,
			);
			runOnlyForDeploymentPostprocessing = 0;
		};
/* End PBXResourcesBuildPhase section */

/* Begin PBXSourcesBuildPhase section */
		19D969A11E539FAF00B97433 /* Sources */ = {
			isa = PBXSourcesBuildPhase;
			buildActionMask = 2147483647;
			files = (
				19D969AB1E539FAF00B97433 /* ViewController.swift in Sources */,
				19D969A91E539FAF00B97433 /* AppDelegate.swift in Sources */,
				19D969B11E539FAF00B97433 /* DreamLister.xcdatamodeld in Sources */,
			);
			runOnlyForDeploymentPostprocessing = 0;
		};
/* End PBXSourcesBuildPhase section */

/* Begin PBXVariantGroup section */
		19D969AC1E539FAF00B97433 /* Main.storyboard */ = {
			isa = PBXVariantGroup;
			children = (
				19D969AD1E539FAF00B97433 /* Base */,
			);
			name = Main.storyboard;
			sourceTree = "<group>";
		};
		19D969B41E539FAF00B97433 /* LaunchScreen.storyboard */ = {
			isa = PBXVariantGroup;
			children = (
				19D969B51E539FAF00B97433 /* Base */,
			);
			name = LaunchScreen.storyboard;
			sourceTree = "<group>";
		};
/* End PBXVariantGroup section */

/* Begin XCBuildConfiguration section */
		19D969B81E539FAF00B97433 /* Debug */ = {
			isa = XCBuildConfiguration;
			buildSettings = {
				ALWAYS_SEARCH_USER_PATHS = NO;
				CLANG_ANALYZER_NONNULL = YES;
				CLANG_CXX_LANGUAGE_STANDARD = "gnu++0x";
				CLANG_CXX_LIBRARY = "libc++";
				CLANG_ENABLE_MODULES = YES;
				CLANG_ENABLE_OBJC_ARC = YES;
				CLANG_WARN_BOOL_CONVERSION = YES;
				CLANG_WARN_CONSTANT_CONVERSION = YES;
				CLANG_WARN_DIRECT_OBJC_ISA_USAGE = YES_ERROR;
				CLANG_WARN_DOCUMENTATION_COMMENTS = YES;
				CLANG_WARN_EMPTY_BODY = YES;
				CLANG_WARN_ENUM_CONVERSION = YES;
				CLANG_WARN_INFINITE_RECURSION = YES;
				CLANG_WARN_INT_CONVERSION = YES;
				CLANG_WARN_OBJC_ROOT_CLASS = YES_ERROR;
				CLANG_WARN_SUSPICIOUS_MOVE = YES;
				CLANG_WARN_UNREACHABLE_CODE = YES;
				CLANG_WARN__DUPLICATE_METHOD_MATCH = YES;
				"CODE_SIGN_IDENTITY[sdk=iphoneos*]" = "iPhone Developer";
				COPY_PHASE_STRIP = NO;
				DEBUG_INFORMATION_FORMAT = dwarf;
				ENABLE_STRICT_OBJC_MSGSEND = YES;
				ENABLE_TESTABILITY = YES;
				GCC_C_LANGUAGE_STANDARD = gnu99;
				GCC_DYNAMIC_NO_PIC = NO;
				GCC_NO_COMMON_BLOCKS = YES;
				GCC_OPTIMIZATION_LEVEL = 0;
				GCC_PREPROCESSOR_DEFINITIONS = (
					"DEBUG=1",
					"$(inherited)",
				);
				GCC_WARN_64_TO_32_BIT_CONVERSION = YES;
				GCC_WARN_ABOUT_RETURN_TYPE = YES_ERROR;
				GCC_WARN_UNDECLARED_SELECTOR = YES;
				GCC_WARN_UNINITIALIZED_AUTOS = YES_AGGRESSIVE;
				GCC_WARN_UNUSED_FUNCTION = YES;
				GCC_WARN_UNUSED_VARIABLE = YES;
				IPHONEOS_DEPLOYMENT_TARGET = 10.2;
				MTL_ENABLE_DEBUG_INFO = YES;
				ONLY_ACTIVE_ARCH = YES;
				SDKROOT = iphoneos;
				SWIFT_ACTIVE_COMPILATION_CONDITIONS = DEBUG;
				SWIFT_OPTIMIZATION_LEVEL = "-Onone";
				TARGETED_DEVICE_FAMILY = "1,2";
			};
			name = Debug;
		};
		19D969B91E539FAF00B97433 /* Release */ = {
			isa = XCBuildConfiguration;
			buildSettings = {
				ALWAYS_SEARCH_USER_PATHS = NO;
				CLANG_ANALYZER_NONNULL = YES;
				CLANG_CXX_LANGUAGE_STANDARD = "gnu++0x";
				CLANG_CXX_LIBRARY = "libc++";
				CLANG_ENABLE_MODULES = YES;
				CLANG_ENABLE_OBJC_ARC = YES;
				CLANG_WARN_BOOL_CONVERSION = YES;
				CLANG_WARN_CONSTANT_CONVERSION = YES;
				CLANG_WARN_DIRECT_OBJC_ISA_USAGE = YES_ERROR;
				CLANG_WARN_DOCUMENTATION_COMMENTS = YES;
				CLANG_WARN_EMPTY_BODY = YES;
				CLANG_WARN_ENUM_CONVERSION = YES;
				CLANG_WARN_INFINITE_RECURSION = YES;
				CLANG_WARN_INT_CONVERSION = YES;
				CLANG_WARN_OBJC_ROOT_CLASS = YES_ERROR;
				CLANG_WARN_SUSPICIOUS_MOVE = YES;
				CLANG_WARN_UNREACHABLE_CODE = YES;
				CLANG_WARN__DUPLICATE_METHOD_MATCH = YES;
				"CODE_SIGN_IDENTITY[sdk=iphoneos*]" = "iPhone Developer";
				COPY_PHASE_STRIP = NO;
				DEBUG_INFORMATION_FORMAT = "dwarf-with-dsym";
				ENABLE_NS_ASSERTIONS = NO;
				ENABLE_STRICT_OBJC_MSGSEND = YES;
				GCC_C_LANGUAGE_STANDARD = gnu99;
				GCC_NO_COMMON_BLOCKS = YES;
				GCC_WARN_64_TO_32_BIT_CONVERSION = YES;
				GCC_WARN_ABOUT_RETURN_TYPE = YES_ERROR;
				GCC_WARN_UNDECLARED_SELECTOR = YES;
				GCC_WARN_UNINITIALIZED_AUTOS = YES_AGGRESSIVE;
				GCC_WARN_UNUSED_FUNCTION = YES;
				GCC_WARN_UNUSED_VARIABLE = YES;
				IPHONEOS_DEPLOYMENT_TARGET = 10.2;
				MTL_ENABLE_DEBUG_INFO = NO;
				SDKROOT = iphoneos;
				SWIFT_OPTIMIZATION_LEVEL = "-Owholemodule";
				TARGETED_DEVICE_FAMILY = "1,2";
				VALIDATE_PRODUCT = YES;
			};
			name = Release;
		};
		19D969BB1E539FAF00B97433 /* Debug */ = {
			isa = XCBuildConfiguration;
			buildSettings = {
				ASSETCATALOG_COMPILER_APPICON_NAME = AppIcon;
				DEVELOPMENT_TEAM = XVNZAPSZS5;
				INFOPLIST_FILE = DreamLister/Info.plist;
				LD_RUNPATH_SEARCH_PATHS = "$(inherited) @executable_path/Frameworks";
				PRODUCT_BUNDLE_IDENTIFIER = MartinNord.DreamLister;
				PRODUCT_NAME = "$(TARGET_NAME)";
				SWIFT_VERSION = 3.0;
			};
			name = Debug;
		};
		19D969BC1E539FAF00B97433 /* Release */ = {
			isa = XCBuildConfiguration;
			buildSettings = {
				ASSETCATALOG_COMPILER_APPICON_NAME = AppIcon;
				DEVELOPMENT_TEAM = XVNZAPSZS5;
				INFOPLIST_FILE = DreamLister/Info.plist;
				LD_RUNPATH_SEARCH_PATHS = "$(inherited) @executable_path/Frameworks";
				PRODUCT_BUNDLE_IDENTIFIER = MartinNord.DreamLister;
				PRODUCT_NAME = "$(TARGET_NAME)";
				SWIFT_VERSION = 3.0;
			};
			name = Release;
		};
/* End XCBuildConfiguration section */

/* Begin XCConfigurationList section */
		19D969A01E539FAF00B97433 /* Build configuration list for PBXProject "DreamLister" */ = {
			isa = XCConfigurationList;
			buildConfigurations = (
				19D969B81E539FAF00B97433 /* Debug */,
				19D969B91E539FAF00B97433 /* Release */,
			);
			defaultConfigurationIsVisible = 0;
			defaultConfigurationName = Release;
		};
		19D969BA1E539FAF00B97433 /* Build configuration list for PBXNativeTarget "DreamLister" */ = {
			isa = XCConfigurationList;
			buildConfigurations = (
				19D969BB1E539FAF00B97433 /* Debug */,
				19D969BC1E539FAF00B97433 /* Release */,
			);
			defaultConfigurationIsVisible = 0;
		};
/* End XCConfigurationList section */

/* Begin XCVersionGroup section */
		19D969AF1E539FAF00B97433 /* DreamLister.xcdatamodeld */ = {
			isa = XCVersionGroup;
			children = (
				19D969B01E539FAF00B97433 /* DreamLister.xcdatamodel */,
			);
			currentVersion = 19D969B01E539FAF00B97433 /* DreamLister.xcdatamodel */;
			path = DreamLister.xcdatamodeld;
			sourceTree = "<group>";
			versionGroupType = wrapper.xcdatamodel;
		};
/* End XCVersionGroup section */
	};
	rootObject = 19D9699D1E539FAF00B97433 /* Project object */;
}
